// !$*UTF8*$!
{
	archiveVersion = 1;
	classes = {
	};
	objectVersion = 77;
	objects = {

/* Begin PBXBuildFile section */
		50079E6E2E4331F5005BC5FD /* Menu.swift in Sources */ = {isa = PBXBuildFile; fileRef = 50079E6D2E4331F2005BC5FD /* Menu.swift */; };
		50079E712E43813C005BC5FD /* Extensions.swift in Sources */ = {isa = PBXBuildFile; fileRef = 50079E702E438139005BC5FD /* Extensions.swift */; };
		5011EDEB2E6317DE00B0938A /* Sankara.metal in Sources */ = {isa = PBXBuildFile; fileRef = 5011EDEA2E6317D500B0938A /* Sankara.metal */; };
		5011EDED2E6317F000B0938A /* Sankara.swift in Sources */ = {isa = PBXBuildFile; fileRef = 5011EDEC2E6317EC00B0938A /* Sankara.swift */; };
		50292D902E4685E10084CFE3 /* MetalView.swift in Sources */ = {isa = PBXBuildFile; fileRef = 50292D8F2E4685D80084CFE3 /* MetalView.swift */; };
		50292D942E471A330084CFE3 /* PermissionWindowController.swift in Sources */ = {isa = PBXBuildFile; fileRef = 50292D932E471A2C0084CFE3 /* PermissionWindowController.swift */; };
		50292D962E471AAA0084CFE3 /* PermissionViewController.swift in Sources */ = {isa = PBXBuildFile; fileRef = 50292D952E471AA40084CFE3 /* PermissionViewController.swift */; };
		503697572E71506600158314 /* AtomicQueue.swift in Sources */ = {isa = PBXBuildFile; fileRef = 503697562E71506200158314 /* AtomicQueue.swift */; };
		503FCC1E2E48670300EF49DA /* PreferencesWindowController.swift in Sources */ = {isa = PBXBuildFile; fileRef = 503FCC1D2E4866FE00EF49DA /* PreferencesWindowController.swift */; };
		503FCC212E48688600EF49DA /* SidebarViewController.swift in Sources */ = {isa = PBXBuildFile; fileRef = 503FCC202E48687D00EF49DA /* SidebarViewController.swift */; };
		503FCC232E4868B900EF49DA /* PreferencesSplitViewController.swift in Sources */ = {isa = PBXBuildFile; fileRef = 503FCC222E4868B200EF49DA /* PreferencesSplitViewController.swift */; };
		503FCC252E4868E100EF49DA /* GeneralPreferencesViewController.swift in Sources */ = {isa = PBXBuildFile; fileRef = 503FCC242E4868D400EF49DA /* GeneralPreferencesViewController.swift */; };
		503FCC292E48F2D200EF49DA /* ShaderPreferencesViewController.swift in Sources */ = {isa = PBXBuildFile; fileRef = 503FCC282E48F2C600EF49DA /* ShaderPreferencesViewController.swift */; };
		503FCC2B2E48F2E500EF49DA /* RecorderPreferencesViewController.swift in Sources */ = {isa = PBXBuildFile; fileRef = 503FCC2A2E48F2D800EF49DA /* RecorderPreferencesViewController.swift */; };
		503FCC2D2E48F5A300EF49DA /* Recorder.swift in Sources */ = {isa = PBXBuildFile; fileRef = 503FCC2C2E48F59F00EF49DA /* Recorder.swift */; };
		503FCC312E49BBE800EF49DA /* EffectWindow.swift in Sources */ = {isa = PBXBuildFile; fileRef = 503FCC302E49BBE200EF49DA /* EffectWindow.swift */; };
		503FCC332E4B016400EF49DA /* Shadowed.swift in Sources */ = {isa = PBXBuildFile; fileRef = 503FCC322E4B016000EF49DA /* Shadowed.swift */; };
		503FCC352E4B85BD00EF49DA /* Settings.swift in Sources */ = {isa = PBXBuildFile; fileRef = 503FCC342E4B85B900EF49DA /* Settings.swift */; };
		504F539A2E59BC6600C5291F /* FilterLibrary.swift in Sources */ = {isa = PBXBuildFile; fileRef = 504F53992E59BC5A00C5291F /* FilterLibrary.swift */; };
		504F53A02E6173D000C5291F /* ColorSplitter.swift in Sources */ = {isa = PBXBuildFile; fileRef = 504F539F2E6173C300C5291F /* ColorSplitter.swift */; };
		504F53A22E6179BB00C5291F /* ColorSplitter.metal in Sources */ = {isa = PBXBuildFile; fileRef = 504F53A12E6179AE00C5291F /* ColorSplitter.metal */; };
		5069364D2E4EFD2D0037984F /* Shader.swift in Sources */ = {isa = PBXBuildFile; fileRef = 5069364C2E4EFD2B0037984F /* Shader.swift */; };
		506936502E4EFF160037984F /* CrtEasy.swift in Sources */ = {isa = PBXBuildFile; fileRef = 5069364F2E4EFEFB0037984F /* CrtEasy.swift */; };
		50869017ADBFE0861F5A65F0 /* CrtLottes.swift in Sources */ = {isa = PBXBuildFile; fileRef = 50EB55485F81410494611CF3 /* CrtLottes.swift */; };
		50951C3CB913C0EA80C0812A /* CrtLottes.metal in Sources */ = {isa = PBXBuildFile; fileRef = 50358D731F0FE93005022A26 /* CrtLottes.metal */; };
		CA01GA01AAAAAA0100000001 /* CrtGuestAdvanced.swift in Sources */ = {isa = PBXBuildFile; fileRef = CA01GA02AAAAAA0100000002 /* CrtGuestAdvanced.swift */; };
		CA01GA03AAAAAA0100000003 /* CrtGuestAdvanced.metal in Sources */ = {isa = PBXBuildFile; fileRef = CA01GA04AAAAAA0100000004 /* CrtGuestAdvanced.metal */; };
		DA02RI01BBBBBB0100000001 /* ResIndependentScanlines.swift in Sources */ = {isa = PBXBuildFile; fileRef = DA02RI02BBBBBB0100000002 /* ResIndependentScanlines.swift */; };
		DA02RI03BBBBBB0100000003 /* ResIndependentScanlines.metal in Sources */ = {isa = PBXBuildFile; fileRef = DA02RI04BBBBBB0100000004 /* ResIndependentScanlines.metal */; };
		506936522E4F0E590037984F /* ShaderLibrary.swift in Sources */ = {isa = PBXBuildFile; fileRef = 506936512E4F0E540037984F /* ShaderLibrary.swift */; };
		506936542E4F2FE40037984F /* ColorFilter.swift in Sources */ = {isa = PBXBuildFile; fileRef = 506936532E4F2FDB0037984F /* ColorFilter.swift */; };
		5069365C2E4F76280037984F /* Kernel.swift in Sources */ = {isa = PBXBuildFile; fileRef = 5069365B2E4F76250037984F /* Kernel.swift */; };
		507ADD392E6EA72200BB7E10 /* Parser.swift in Sources */ = {isa = PBXBuildFile; fileRef = 507ADD382E6EA71C00BB7E10 /* Parser.swift */; };
		507ADD3B2E6EE29000BB7E10 /* ShaderSetting.swift in Sources */ = {isa = PBXBuildFile; fileRef = 507ADD3A2E6EE28C00BB7E10 /* ShaderSetting.swift */; };
		507ADD3D2E6F258500BB7E10 /* ColorFilter.metal in Sources */ = {isa = PBXBuildFile; fileRef = 507ADD3C2E6F257A00BB7E10 /* ColorFilter.metal */; };
		507ADD3F2E6F47B100BB7E10 /* Passthrough.swift in Sources */ = {isa = PBXBuildFile; fileRef = 507ADD3E2E6F47A800BB7E10 /* Passthrough.swift */; };
		509E84C32E57584400384C75 /* ImageToolbox.swift in Sources */ = {isa = PBXBuildFile; fileRef = 509E84C22E57584100384C75 /* ImageToolbox.swift */; };
		50BA964F2E3C80D6006BA8DF /* AppDelegate.swift in Sources */ = {isa = PBXBuildFile; fileRef = 50BA96442E3C80D6006BA8DF /* AppDelegate.swift */; };
		50BA96512E3C80D6006BA8DF /* ViewController.swift in Sources */ = {isa = PBXBuildFile; fileRef = 50BA96492E3C80D6006BA8DF /* ViewController.swift */; };
		50BA96522E3C80D6006BA8DF /* WindowController.swift in Sources */ = {isa = PBXBuildFile; fileRef = 50BA964A2E3C80D6006BA8DF /* WindowController.swift */; };
		50BA96532E3C80D6006BA8DF /* Streamer.swift in Sources */ = {isa = PBXBuildFile; fileRef = 50BA964C2E3C80D6006BA8DF /* Streamer.swift */; };
		50BA96542E3C80D6006BA8DF /* Shaders.metal in Sources */ = {isa = PBXBuildFile; fileRef = 50BA964D2E3C80D6006BA8DF /* Shaders.metal */; };
		50BA96552E3C80D6006BA8DF /* Assets.xcassets in Resources */ = {isa = PBXBuildFile; fileRef = 50BA96452E3C80D6006BA8DF /* Assets.xcassets */; };
		50BA96562E3C80D6006BA8DF /* Main.storyboard in Resources */ = {isa = PBXBuildFile; fileRef = 50BA96482E3C80D6006BA8DF /* Main.storyboard */; };
		50BA96592E3C80F5006BA8DF /* TrackingWindow.swift in Sources */ = {isa = PBXBuildFile; fileRef = 50BA96582E3C80F2006BA8DF /* TrackingWindow.swift */; };
		50BA965B2E3D4865006BA8DF /* Animated.swift in Sources */ = {isa = PBXBuildFile; fileRef = 50BA965A2E3D4861006BA8DF /* Animated.swift */; };
		50BA965F2E3F6AA1006BA8DF /* Credits.rtf in Resources */ = {isa = PBXBuildFile; fileRef = 50BA965E2E3F6AA1006BA8DF /* Credits.rtf */; };
		50BA96642E3FF0B3006BA8DF /* CrtEasy.metal in Sources */ = {isa = PBXBuildFile; fileRef = 50BA96632E3FF0B3006BA8DF /* CrtEasy.metal */; };
		50BA966D2E40C3CB006BA8DF /* ShaderTableCellViews.swift in Sources */ = {isa = PBXBuildFile; fileRef = 50BA966C2E40C3CB006BA8DF /* ShaderTableCellViews.swift */; };
		50DE5B842E4CDB08002C07EC /* Loggable.swift in Sources */ = {isa = PBXBuildFile; fileRef = 50DE5B832E4CDB02002C07EC /* Loggable.swift */; };
		50DE5B862E4DA04B002C07EC /* Overlay.swift in Sources */ = {isa = PBXBuildFile; fileRef = 50DE5B852E4DA045002C07EC /* Overlay.swift */; };
		50DE5B882E4E0666002C07EC /* IconBar.swift in Sources */ = {isa = PBXBuildFile; fileRef = 50DE5B872E4E065D002C07EC /* IconBar.swift */; };
		CB62DCB12F84C17100B1AEDC /* VHS.swift in Sources */ = {isa = PBXBuildFile; fileRef = CB62DCB02F84C17100B1AEDC /* VHS.swift */; };
		CB62DCB32F84C17D00B1AEDC /* VHS.metal in Sources */ = {isa = PBXBuildFile; fileRef = CB62DCB22F84C17D00B1AEDC /* VHS.metal */; };
/* End PBXBuildFile section */

/* Begin PBXFileReference section */
		50079E6D2E4331F2005BC5FD /* Menu.swift */ = {isa = PBXFileReference; lastKnownFileType = sourcecode.swift; path = Menu.swift; sourceTree = "<group>"; };
		50079E702E438139005BC5FD /* Extensions.swift */ = {isa = PBXFileReference; lastKnownFileType = sourcecode.swift; path = Extensions.swift; sourceTree = "<group>"; };
		5011EDEA2E6317D500B0938A /* Sankara.metal */ = {isa = PBXFileReference; lastKnownFileType = sourcecode.metal; path = Sankara.metal; sourceTree = "<group>"; };
		5011EDEC2E6317EC00B0938A /* Sankara.swift */ = {isa = PBXFileReference; lastKnownFileType = sourcecode.swift; path = Sankara.swift; sourceTree = "<group>"; };
		50292D8F2E4685D80084CFE3 /* MetalView.swift */ = {isa = PBXFileReference; lastKnownFileType = sourcecode.swift; path = MetalView.swift; sourceTree = "<group>"; };
		50292D932E471A2C0084CFE3 /* PermissionWindowController.swift */ = {isa = PBXFileReference; lastKnownFileType = sourcecode.swift; path = PermissionWindowController.swift; sourceTree = "<group>"; };
		50292D952E471AA40084CFE3 /* PermissionViewController.swift */ = {isa = PBXFileReference; lastKnownFileType = sourcecode.swift; path = PermissionViewController.swift; sourceTree = "<group>"; };
		503697562E71506200158314 /* AtomicQueue.swift */ = {isa = PBXFileReference; lastKnownFileType = sourcecode.swift; path = AtomicQueue.swift; sourceTree = "<group>"; };
		503FCC1D2E4866FE00EF49DA /* PreferencesWindowController.swift */ = {isa = PBXFileReference; lastKnownFileType = sourcecode.swift; path = PreferencesWindowController.swift; sourceTree = "<group>"; };
		503FCC202E48687D00EF49DA /* SidebarViewController.swift */ = {isa = PBXFileReference; lastKnownFileType = sourcecode.swift; path = SidebarViewController.swift; sourceTree = "<group>"; };
		503FCC222E4868B200EF49DA /* PreferencesSplitViewController.swift */ = {isa = PBXFileReference; lastKnownFileType = sourcecode.swift; path = PreferencesSplitViewController.swift; sourceTree = "<group>"; };
		503FCC242E4868D400EF49DA /* GeneralPreferencesViewController.swift */ = {isa = PBXFileReference; lastKnownFileType = sourcecode.swift; path = GeneralPreferencesViewController.swift; sourceTree = "<group>"; };
		503FCC282E48F2C600EF49DA /* ShaderPreferencesViewController.swift */ = {isa = PBXFileReference; lastKnownFileType = sourcecode.swift; path = ShaderPreferencesViewController.swift; sourceTree = "<group>"; };
		503FCC2A2E48F2D800EF49DA /* RecorderPreferencesViewController.swift */ = {isa = PBXFileReference; lastKnownFileType = sourcecode.swift; path = RecorderPreferencesViewController.swift; sourceTree = "<group>"; };
		503FCC2C2E48F59F00EF49DA /* Recorder.swift */ = {isa = PBXFileReference; lastKnownFileType = sourcecode.swift; path = Recorder.swift; sourceTree = "<group>"; };
		503FCC302E49BBE200EF49DA /* EffectWindow.swift */ = {isa = PBXFileReference; lastKnownFileType = sourcecode.swift; path = EffectWindow.swift; sourceTree = "<group>"; };
		503FCC322E4B016000EF49DA /* Shadowed.swift */ = {isa = PBXFileReference; lastKnownFileType = sourcecode.swift; path = Shadowed.swift; sourceTree = "<group>"; };
		503FCC342E4B85B900EF49DA /* Settings.swift */ = {isa = PBXFileReference; lastKnownFileType = sourcecode.swift; path = Settings.swift; sourceTree = "<group>"; };
		504F53992E59BC5A00C5291F /* FilterLibrary.swift */ = {isa = PBXFileReference; lastKnownFileType = sourcecode.swift; path = FilterLibrary.swift; sourceTree = "<group>"; };
		504F539F2E6173C300C5291F /* ColorSplitter.swift */ = {isa = PBXFileReference; lastKnownFileType = sourcecode.swift; path = ColorSplitter.swift; sourceTree = "<group>"; };
		504F53A12E6179AE00C5291F /* ColorSplitter.metal */ = {isa = PBXFileReference; lastKnownFileType = sourcecode.metal; path = ColorSplitter.metal; sourceTree = "<group>"; };
		5069364C2E4EFD2B0037984F /* Shader.swift */ = {isa = PBXFileReference; lastKnownFileType = sourcecode.swift; path = Shader.swift; sourceTree = "<group>"; };
		5069364F2E4EFEFB0037984F /* CrtEasy.swift */ = {isa = PBXFileReference; lastKnownFileType = sourcecode.swift; path = CrtEasy.swift; sourceTree = "<group>"; };
		50EB55485F81410494611CF3 /* CrtLottes.swift */ = {isa = PBXFileReference; lastKnownFileType = sourcecode.swift; path = CrtLottes.swift; sourceTree = "<group>"; };
		50358D731F0FE93005022A26 /* CrtLottes.metal */ = {isa = PBXFileReference; lastKnownFileType = sourcecode.metal; path = CrtLottes.metal; sourceTree = "<group>"; };
		CA01GA02AAAAAA0100000002 /* CrtGuestAdvanced.swift */ = {isa = PBXFileReference; lastKnownFileType = sourcecode.swift; path = CrtGuestAdvanced.swift; sourceTree = "<group>"; };
		CA01GA04AAAAAA0100000004 /* CrtGuestAdvanced.metal */ = {isa = PBXFileReference; lastKnownFileType = sourcecode.metal; path = CrtGuestAdvanced.metal; sourceTree = "<group>"; };
		DA02RI02BBBBBB0100000002 /* ResIndependentScanlines.swift */ = {isa = PBXFileReference; lastKnownFileType = sourcecode.swift; path = ResIndependentScanlines.swift; sourceTree = "<group>"; };
		DA02RI04BBBBBB0100000004 /* ResIndependentScanlines.metal */ = {isa = PBXFileReference; lastKnownFileType = sourcecode.metal; path = ResIndependentScanlines.metal; sourceTree = "<group>"; };
		506936512E4F0E540037984F /* ShaderLibrary.swift */ = {isa = PBXFileReference; lastKnownFileType = sourcecode.swift; path = ShaderLibrary.swift; sourceTree = "<group>"; };
		506936532E4F2FDB0037984F /* ColorFilter.swift */ = {isa = PBXFileReference; lastKnownFileType = sourcecode.swift; path = ColorFilter.swift; sourceTree = "<group>"; };
		5069365B2E4F76250037984F /* Kernel.swift */ = {isa = PBXFileReference; lastKnownFileType = sourcecode.swift; path = Kernel.swift; sourceTree = "<group>"; };
		507ADD342E68770A00BB7E10 /* ColorToolbox.metal */ = {isa = PBXFileReference; lastKnownFileType = sourcecode.metal; path = ColorToolbox.metal; sourceTree = "<group>"; };
		507ADD362E68778900BB7E10 /* MathToolbox.metal */ = {isa = PBXFileReference; lastKnownFileType = sourcecode.metal; path = MathToolbox.metal; sourceTree = "<group>"; };
		507ADD382E6EA71C00BB7E10 /* Parser.swift */ = {isa = PBXFileReference; lastKnownFileType = sourcecode.swift; path = Parser.swift; sourceTree = "<group>"; };
		507ADD3A2E6EE28C00BB7E10 /* ShaderSetting.swift */ = {isa = PBXFileReference; lastKnownFileType = sourcecode.swift; path = ShaderSetting.swift; sourceTree = "<group>"; };
		507ADD3C2E6F257A00BB7E10 /* ColorFilter.metal */ = {isa = PBXFileReference; lastKnownFileType = sourcecode.metal; path = ColorFilter.metal; sourceTree = "<group>"; };
		507ADD3E2E6F47A800BB7E10 /* Passthrough.swift */ = {isa = PBXFileReference; lastKnownFileType = sourcecode.swift; path = Passthrough.swift; sourceTree = "<group>"; };
		509C8DDE2E38F99E004BE11C /* RetroVisor.app */ = {isa = PBXFileReference; explicitFileType = wrapper.application; includeInIndex = 0; path = RetroVisor.app; sourceTree = BUILT_PRODUCTS_DIR; };
		509E84C22E57584100384C75 /* ImageToolbox.swift */ = {isa = PBXFileReference; lastKnownFileType = sourcecode.swift; path = ImageToolbox.swift; sourceTree = "<group>"; };
		50BA96442E3C80D6006BA8DF /* AppDelegate.swift */ = {isa = PBXFileReference; lastKnownFileType = sourcecode.swift; path = AppDelegate.swift; sourceTree = "<group>"; };
		50BA96452E3C80D6006BA8DF /* Assets.xcassets */ = {isa = PBXFileReference; lastKnownFileType = folder.assetcatalog; path = Assets.xcassets; sourceTree = "<group>"; };
		50BA96472E3C80D6006BA8DF /* Base */ = {isa = PBXFileReference; lastKnownFileType = file.storyboard; name = Base; path = Base.lproj/Main.storyboard; sourceTree = "<group>"; };
		50BA96492E3C80D6006BA8DF /* ViewController.swift */ = {isa = PBXFileReference; lastKnownFileType = sourcecode.swift; path = ViewController.swift; sourceTree = "<group>"; };
		50BA964A2E3C80D6006BA8DF /* WindowController.swift */ = {isa = PBXFileReference; lastKnownFileType = sourcecode.swift; path = WindowController.swift; sourceTree = "<group>"; };
		50BA964B2E3C80D6006BA8DF /* RetroVisor.entitlements */ = {isa = PBXFileReference; lastKnownFileType = text.plist.entitlements; path = RetroVisor.entitlements; sourceTree = "<group>"; };
		50BA964C2E3C80D6006BA8DF /* Streamer.swift */ = {isa = PBXFileReference; lastKnownFileType = sourcecode.swift; path = Streamer.swift; sourceTree = "<group>"; };
		50BA964D2E3C80D6006BA8DF /* Shaders.metal */ = {isa = PBXFileReference; lastKnownFileType = sourcecode.metal; path = Shaders.metal; sourceTree = "<group>"; };
		50BA96582E3C80F2006BA8DF /* TrackingWindow.swift */ = {isa = PBXFileReference; lastKnownFileType = sourcecode.swift; path = TrackingWindow.swift; sourceTree = "<group>"; };
		50BA965A2E3D4861006BA8DF /* Animated.swift */ = {isa = PBXFileReference; lastKnownFileType = sourcecode.swift; path = Animated.swift; sourceTree = "<group>"; };
		50BA965E2E3F6AA1006BA8DF /* Credits.rtf */ = {isa = PBXFileReference; lastKnownFileType = text.rtf; path = Credits.rtf; sourceTree = "<group>"; };
		50BA96632E3FF0B3006BA8DF /* CrtEasy.metal */ = {isa = PBXFileReference; lastKnownFileType = sourcecode.metal; path = CrtEasy.metal; sourceTree = "<group>"; };
		50BA966C2E40C3CB006BA8DF /* ShaderTableCellViews.swift */ = {isa = PBXFileReference; lastKnownFileType = sourcecode.swift; path = ShaderTableCellViews.swift; sourceTree = "<group>"; };
		50DE5B832E4CDB02002C07EC /* Loggable.swift */ = {isa = PBXFileReference; lastKnownFileType = sourcecode.swift; path = Loggable.swift; sourceTree = "<group>"; };
		50DE5B852E4DA045002C07EC /* Overlay.swift */ = {isa = PBXFileReference; lastKnownFileType = sourcecode.swift; path = Overlay.swift; sourceTree = "<group>"; };
		50DE5B872E4E065D002C07EC /* IconBar.swift */ = {isa = PBXFileReference; lastKnownFileType = sourcecode.swift; path = IconBar.swift; sourceTree = "<group>"; };
		CB62DCB02F84C17100B1AEDC /* VHS.swift */ = {isa = PBXFileReference; lastKnownFileType = sourcecode.swift; path = VHS.swift; sourceTree = "<group>"; };
		CB62DCB22F84C17D00B1AEDC /* VHS.metal */ = {isa = PBXFileReference; lastKnownFileType = sourcecode.metal; path = VHS.metal; sourceTree = "<group>"; };
/* End PBXFileReference section */

/* Begin PBXFrameworksBuildPhase section */
		509C8DDB2E38F99E004BE11C /* Frameworks */ = {
			isa = PBXFrameworksBuildPhase;
			buildActionMask = 2147483647;
			files = (
			);
			runOnlyForDeploymentPostprocessing = 0;
		};
/* End PBXFrameworksBuildPhase section */

/* Begin PBXGroup section */
		50079E6F2E433206005BC5FD /* Utilities */ = {
			isa = PBXGroup;
			children = (
				503697562E71506200158314 /* AtomicQueue.swift */,
				507ADD382E6EA71C00BB7E10 /* Parser.swift */,
				50DE5B872E4E065D002C07EC /* IconBar.swift */,
				50DE5B852E4DA045002C07EC /* Overlay.swift */,
				50DE5B832E4CDB02002C07EC /* Loggable.swift */,
				50079E702E438139005BC5FD /* Extensions.swift */,
				509E84C22E57584100384C75 /* ImageToolbox.swift */,
				50BA965A2E3D4861006BA8DF /* Animated.swift */,
				503FCC322E4B016000EF49DA /* Shadowed.swift */,
				50BA96582E3C80F2006BA8DF /* TrackingWindow.swift */,
			);
			path = Utilities;
			sourceTree = "<group>";
		};
		503FCC1F2E48670B00EF49DA /* Preferences */ = {
			isa = PBXGroup;
			children = (
				503FCC342E4B85B900EF49DA /* Settings.swift */,
				503FCC1D2E4866FE00EF49DA /* PreferencesWindowController.swift */,
				503FCC222E4868B200EF49DA /* PreferencesSplitViewController.swift */,
				503FCC202E48687D00EF49DA /* SidebarViewController.swift */,
				503FCC242E4868D400EF49DA /* GeneralPreferencesViewController.swift */,
				503FCC282E48F2C600EF49DA /* ShaderPreferencesViewController.swift */,
				503FCC2A2E48F2D800EF49DA /* RecorderPreferencesViewController.swift */,
				50BA966C2E40C3CB006BA8DF /* ShaderTableCellViews.swift */,
			);
			path = Preferences;
			sourceTree = "<group>";
		};
		5069364B2E4EFB1F0037984F /* Windows */ = {
			isa = PBXGroup;
			children = (
				503FCC302E49BBE200EF49DA /* EffectWindow.swift */,
				50BA964A2E3C80D6006BA8DF /* WindowController.swift */,
				50292D932E471A2C0084CFE3 /* PermissionWindowController.swift */,
				50292D952E471AA40084CFE3 /* PermissionViewController.swift */,
				50BA96492E3C80D6006BA8DF /* ViewController.swift */,
			);
			path = Windows;
			sourceTree = "<group>";
		};
		5069364E2E4EFD360037984F /* Shaders */ = {
			isa = PBXGroup;
			children = (
				504F53992E59BC5A00C5291F /* FilterLibrary.swift */,
				506936512E4F0E540037984F /* ShaderLibrary.swift */,
				5069364C2E4EFD2B0037984F /* Shader.swift */,
				507ADD3A2E6EE28C00BB7E10 /* ShaderSetting.swift */,
				507ADD3E2E6F47A800BB7E10 /* Passthrough.swift */,
				506936532E4F2FDB0037984F /* ColorFilter.swift */,
				504F539F2E6173C300C5291F /* ColorSplitter.swift */,
				5069364F2E4EFEFB0037984F /* CrtEasy.swift */,
				50EB55485F81410494611CF3 /* CrtLottes.swift */,
				CA01GA02AAAAAA0100000002 /* CrtGuestAdvanced.swift */,
				DA02RI02BBBBBB0100000002 /* ResIndependentScanlines.swift */,
				CB62DCB02F84C17100B1AEDC /* VHS.swift */,
				5011EDEC2E6317EC00B0938A /* Sankara.swift */,
			);
			path = Shaders;
			sourceTree = "<group>";
		};
		509C8DD52E38F99E004BE11C = {
			isa = PBXGroup;
			children = (
				50BA964E2E3C80D6006BA8DF /* RetroVisor */,
				509C8DDF2E38F99E004BE11C /* Products */,
			);
			sourceTree = "<group>";
		};
		509C8DDF2E38F99E004BE11C /* Products */ = {
			isa = PBXGroup;
			children = (
				509C8DDE2E38F99E004BE11C /* RetroVisor.app */,
			);
			name = Products;
			sourceTree = "<group>";
		};
		50BA964E2E3C80D6006BA8DF /* RetroVisor */ = {
			isa = PBXGroup;
			children = (
				50079E6F2E433206005BC5FD /* Utilities */,
				503FCC1F2E48670B00EF49DA /* Preferences */,
				5069364B2E4EFB1F0037984F /* Windows */,
				50BA96442E3C80D6006BA8DF /* AppDelegate.swift */,
				50079E6D2E4331F2005BC5FD /* Menu.swift */,
				50292D8F2E4685D80084CFE3 /* MetalView.swift */,
				50BA964C2E3C80D6006BA8DF /* Streamer.swift */,
				503FCC2C2E48F59F00EF49DA /* Recorder.swift */,
				5069364E2E4EFD360037984F /* Shaders */,
				50BA96672E3FF19B006BA8DF /* GPU */,
				50BA96482E3C80D6006BA8DF /* Main.storyboard */,
				50BA964B2E3C80D6006BA8DF /* RetroVisor.entitlements */,
				50BA96452E3C80D6006BA8DF /* Assets.xcassets */,
				50BA96602E3F6AB9006BA8DF /* Resources */,
			);
			path = RetroVisor;
			sourceTree = "<group>";
		};
		50BA96602E3F6AB9006BA8DF /* Resources */ = {
			isa = PBXGroup;
			children = (
				50BA965E2E3F6AA1006BA8DF /* Credits.rtf */,
			);
			path = Resources;
			sourceTree = "<group>";
		};
		50BA96672E3FF19B006BA8DF /* GPU */ = {
			isa = PBXGroup;
			children = (
				5069365B2E4F76250037984F /* Kernel.swift */,
				507ADD362E68778900BB7E10 /* MathToolbox.metal */,
				507ADD342E68770A00BB7E10 /* ColorToolbox.metal */,
				50BA964D2E3C80D6006BA8DF /* Shaders.metal */,
				507ADD3C2E6F257A00BB7E10 /* ColorFilter.metal */,
				504F53A12E6179AE00C5291F /* ColorSplitter.metal */,
				50BA96632E3FF0B3006BA8DF /* CrtEasy.metal */,
				50358D731F0FE93005022A26 /* CrtLottes.metal */,
				CA01GA04AAAAAA0100000004 /* CrtGuestAdvanced.metal */,
				DA02RI04BBBBBB0100000004 /* ResIndependentScanlines.metal */,
				CB62DCB22F84C17D00B1AEDC /* VHS.metal */,
				5011EDEA2E6317D500B0938A /* Sankara.metal */,
			);
			path = GPU;
			sourceTree = "<group>";
		};
/* End PBXGroup section */

/* Begin PBXNativeTarget section */
		509C8DDD2E38F99E004BE11C /* RetroVisor */ = {
			isa = PBXNativeTarget;
			buildConfigurationList = 509C8DED2E38F99F004BE11C /* Build configuration list for PBXNativeTarget "RetroVisor" */;
			buildPhases = (
				509C8DDA2E38F99E004BE11C /* Sources */,
				509C8DDB2E38F99E004BE11C /* Frameworks */,
				509C8DDC2E38F99E004BE11C /* Resources */,
			);
			buildRules = (
			);
			dependencies = (
			);
			name = RetroVisor;
			packageProductDependencies = (
			);
			productName = RetroVisor;
			productReference = 509C8DDE2E38F99E004BE11C /* RetroVisor.app */;
			productType = "com.apple.product-type.application";
		};
/* End PBXNativeTarget section */

/* Begin PBXProject section */
		509C8DD62E38F99E004BE11C /* Project object */ = {
			isa = PBXProject;
			attributes = {
				BuildIndependentTargetsInParallel = 1;
				LastSwiftUpdateCheck = 1640;
				LastUpgradeCheck = 2600;
				TargetAttributes = {
					509C8DDD2E38F99E004BE11C = {
						CreatedOnToolsVersion = 16.4;
					};
				};
			};
			buildConfigurationList = 509C8DD92E38F99E004BE11C /* Build configuration list for PBXProject "RetroVisor" */;
			developmentRegion = en;
			hasScannedForEncodings = 0;
			knownRegions = (
				en,
				Base,
			);
			mainGroup = 509C8DD52E38F99E004BE11C;
			minimizedProjectReferenceProxies = 1;
			preferredProjectObjectVersion = 77;
			productRefGroup = 509C8DDF2E38F99E004BE11C /* Products */;
			projectDirPath = "";
			projectRoot = "";
			targets = (
				509C8DDD2E38F99E004BE11C /* RetroVisor */,
			);
		};
/* End PBXProject section */

/* Begin PBXResourcesBuildPhase section */
		509C8DDC2E38F99E004BE11C /* Resources */ = {
			isa = PBXResourcesBuildPhase;
			buildActionMask = 2147483647;
			files = (
				50BA96552E3C80D6006BA8DF /* Assets.xcassets in Resources */,
				50BA965F2E3F6AA1006BA8DF /* Credits.rtf in Resources */,
				50BA96562E3C80D6006BA8DF /* Main.storyboard in Resources */,
			);
			runOnlyForDeploymentPostprocessing = 0;
		};
/* End PBXResourcesBuildPhase section */

/* Begin PBXSourcesBuildPhase section */
		509C8DDA2E38F99E004BE11C /* Sources */ = {
			isa = PBXSourcesBuildPhase;
			buildActionMask = 2147483647;
			files = (
				503697572E71506600158314 /* AtomicQueue.swift in Sources */,
				503FCC332E4B016400EF49DA /* Shadowed.swift in Sources */,
				50DE5B862E4DA04B002C07EC /* Overlay.swift in Sources */,
				50BA964F2E3C80D6006BA8DF /* AppDelegate.swift in Sources */,
				503FCC2B2E48F2E500EF49DA /* RecorderPreferencesViewController.swift in Sources */,
				506936502E4EFF160037984F /* CrtEasy.swift in Sources */,
				50292D962E471AAA0084CFE3 /* PermissionViewController.swift in Sources */,
				503FCC2D2E48F5A300EF49DA /* Recorder.swift in Sources */,
				50BA96592E3C80F5006BA8DF /* TrackingWindow.swift in Sources */,
				50DE5B842E4CDB08002C07EC /* Loggable.swift in Sources */,
				50BA966D2E40C3CB006BA8DF /* ShaderTableCellViews.swift in Sources */,
				50292D942E471A330084CFE3 /* PermissionWindowController.swift in Sources */,
				503FCC232E4868B900EF49DA /* PreferencesSplitViewController.swift in Sources */,
				507ADD392E6EA72200BB7E10 /* Parser.swift in Sources */,
				5069364D2E4EFD2D0037984F /* Shader.swift in Sources */,
				503FCC352E4B85BD00EF49DA /* Settings.swift in Sources */,
				509E84C32E57584400384C75 /* ImageToolbox.swift in Sources */,
				50BA96512E3C80D6006BA8DF /* ViewController.swift in Sources */,
				50BA96642E3FF0B3006BA8DF /* CrtEasy.metal in Sources */,
				503FCC212E48688600EF49DA /* SidebarViewController.swift in Sources */,
				50079E6E2E4331F5005BC5FD /* Menu.swift in Sources */,
				50BA965B2E3D4865006BA8DF /* Animated.swift in Sources */,
				504F53A22E6179BB00C5291F /* ColorSplitter.metal in Sources */,
				CB62DCB32F84C17D00B1AEDC /* VHS.metal in Sources */,
				50292D902E4685E10084CFE3 /* MetalView.swift in Sources */,
				5011EDEB2E6317DE00B0938A /* Sankara.metal in Sources */,
				503FCC292E48F2D200EF49DA /* ShaderPreferencesViewController.swift in Sources */,
				507ADD3B2E6EE29000BB7E10 /* ShaderSetting.swift in Sources */,
				5011EDED2E6317F000B0938A /* Sankara.swift in Sources */,
				504F539A2E59BC6600C5291F /* FilterLibrary.swift in Sources */,
				50079E712E43813C005BC5FD /* Extensions.swift in Sources */,
				5069365C2E4F76280037984F /* Kernel.swift in Sources */,
				506936542E4F2FE40037984F /* ColorFilter.swift in Sources */,
				506936522E4F0E590037984F /* ShaderLibrary.swift in Sources */,
				503FCC312E49BBE800EF49DA /* EffectWindow.swift in Sources */,
				50BA96522E3C80D6006BA8DF /* WindowController.swift in Sources */,
				507ADD3F2E6F47B100BB7E10 /* Passthrough.swift in Sources */,
				503FCC252E4868E100EF49DA /* GeneralPreferencesViewController.swift in Sources */,
				503FCC1E2E48670300EF49DA /* PreferencesWindowController.swift in Sources */,
				50BA96532E3C80D6006BA8DF /* Streamer.swift in Sources */,
				50DE5B882E4E0666002C07EC /* IconBar.swift in Sources */,
				50BA96542E3C80D6006BA8DF /* Shaders.metal in Sources */,
				504F53A02E6173D000C5291F /* ColorSplitter.swift in Sources */,
				507ADD3D2E6F258500BB7E10 /* ColorFilter.metal in Sources */,
				CB62DCB12F84C17100B1AEDC /* VHS.swift in Sources */,
				50869017ADBFE0861F5A65F0 /* CrtLottes.swift in Sources */,
				50951C3CB913C0EA80C0812A /* CrtLottes.metal in Sources */,
				CA01GA01AAAAAA0100000001 /* CrtGuestAdvanced.swift in Sources */,
				CA01GA03AAAAAA0100000003 /* CrtGuestAdvanced.metal in Sources */,
				DA02RI01BBBBBB0100000001 /* ResIndependentScanlines.swift in Sources */,
				DA02RI03BBBBBB0100000003 /* ResIndependentScanlines.metal in Sources */,
			);
			runOnlyForDeploymentPostprocessing = 0;
		};
/* End PBXSourcesBuildPhase section */

/* Begin PBXVariantGroup section */
		50BA96482E3C80D6006BA8DF /* Main.storyboard */ = {
			isa = PBXVariantGroup;
			children = (
				50BA96472E3C80D6006BA8DF /* Base */,
			);
			name = Main.storyboard;
			sourceTree = "<group>";
		};
/* End PBXVariantGroup section */

/* Begin XCBuildConfiguration section */
		509C8DEB2E38F99F004BE11C /* Debug */ = {
			isa = XCBuildConfiguration;
			buildSettings = {
				ALWAYS_SEARCH_USER_PATHS = NO;
				ASSETCATALOG_COMPILER_GENERATE_SWIFT_ASSET_SYMBOL_EXTENSIONS = YES;
				CLANG_ANALYZER_NONNULL = YES;
				CLANG_ANALYZER_NUMBER_OBJECT_CONVERSION = YES_AGGRESSIVE;
				CLANG_CXX_LANGUAGE_STANDARD = "gnu++20";
				CLANG_ENABLE_MODULES = YES;
				CLANG_ENABLE_OBJC_ARC = YES;
				CLANG_ENABLE_OBJC_WEAK = YES;
				CLANG_WARN_BLOCK_CAPTURE_AUTORELEASING = YES;
				CLANG_WARN_BOOL_CONVERSION = YES;
				CLANG_WARN_COMMA = YES;
				CLANG_WARN_CONSTANT_CONVERSION = YES;
				CLANG_WARN_DEPRECATED_OBJC_IMPLEMENTATIONS = YES;
				CLANG_WARN_DIRECT_OBJC_ISA_USAGE = YES_ERROR;
				CLANG_WARN_DOCUMENTATION_COMMENTS = YES;
				CLANG_WARN_EMPTY_BODY = YES;
				CLANG_WARN_ENUM_CONVERSION = YES;
				CLANG_WARN_INFINITE_RECURSION = YES;
				CLANG_WARN_INT_CONVERSION = YES;
				CLANG_WARN_NON_LITERAL_NULL_CONVERSION = YES;
				CLANG_WARN_OBJC_IMPLICIT_RETAIN_SELF = YES;
				CLANG_WARN_OBJC_LITERAL_CONVERSION = YES;
				CLANG_WARN_OBJC_ROOT_CLASS = YES_ERROR;
				CLANG_WARN_QUOTED_INCLUDE_IN_FRAMEWORK_HEADER = YES;
				CLANG_WARN_RANGE_LOOP_ANALYSIS = YES;
				CLANG_WARN_STRICT_PROTOTYPES = YES;
				CLANG_WARN_SUSPICIOUS_MOVE = YES;
				CLANG_WARN_UNGUARDED_AVAILABILITY = YES_AGGRESSIVE;
				CLANG_WARN_UNREACHABLE_CODE = YES;
				CLANG_WARN__DUPLICATE_METHOD_MATCH = YES;
				COPY_PHASE_STRIP = NO;
				DEAD_CODE_STRIPPING = YES;
				DEBUG_INFORMATION_FORMAT = dwarf;
				DEVELOPMENT_TEAM = 3NG65ZLYW7;
				ENABLE_STRICT_OBJC_MSGSEND = YES;
				ENABLE_TESTABILITY = YES;
				ENABLE_USER_SCRIPT_SANDBOXING = YES;
				GCC_C_LANGUAGE_STANDARD = gnu17;
				GCC_DYNAMIC_NO_PIC = NO;
				GCC_NO_COMMON_BLOCKS = YES;
				GCC_OPTIMIZATION_LEVEL = 0;
				GCC_PREPROCESSOR_DEFINITIONS = (
					"DEBUG=1",
					"$(inherited)",
				);
				GCC_WARN_64_TO_32_BIT_CONVERSION = YES;
				GCC_WARN_ABOUT_RETURN_TYPE = YES_ERROR;
				GCC_WARN_UNDECLARED_SELECTOR = YES;
				GCC_WARN_UNINITIALIZED_AUTOS = YES_AGGRESSIVE;
				GCC_WARN_UNUSED_FUNCTION = YES;
				GCC_WARN_UNUSED_VARIABLE = YES;
				LOCALIZATION_PREFERS_STRING_CATALOGS = YES;
				MACOSX_DEPLOYMENT_TARGET = 15.5;
				MTL_ENABLE_DEBUG_INFO = INCLUDE_SOURCE;
				MTL_FAST_MATH = YES;
				ONLY_ACTIVE_ARCH = YES;
				SDKROOT = macosx;
				STRING_CATALOG_GENERATE_SYMBOLS = YES;
				SWIFT_ACTIVE_COMPILATION_CONDITIONS = "DEBUG $(inherited)";
				SWIFT_OPTIMIZATION_LEVEL = "-Onone";
			};
			name = Debug;
		};
		509C8DEC2E38F99F004BE11C /* Release */ = {
			isa = XCBuildConfiguration;
			buildSettings = {
				ALWAYS_SEARCH_USER_PATHS = NO;
				ASSETCATALOG_COMPILER_GENERATE_SWIFT_ASSET_SYMBOL_EXTENSIONS = YES;
				CLANG_ANALYZER_NONNULL = YES;
				CLANG_ANALYZER_NUMBER_OBJECT_CONVERSION = YES_AGGRESSIVE;
				CLANG_CXX_LANGUAGE_STANDARD = "gnu++20";
				CLANG_ENABLE_MODULES = YES;
				CLANG_ENABLE_OBJC_ARC = YES;
				CLANG_ENABLE_OBJC_WEAK = YES;
				CLANG_WARN_BLOCK_CAPTURE_AUTORELEASING = YES;
				CLANG_WARN_BOOL_CONVERSION = YES;
				CLANG_WARN_COMMA = YES;
				CLANG_WARN_CONSTANT_CONVERSION = YES;
				CLANG_WARN_DEPRECATED_OBJC_IMPLEMENTATIONS = YES;
				CLANG_WARN_DIRECT_OBJC_ISA_USAGE = YES_ERROR;
				CLANG_WARN_DOCUMENTATION_COMMENTS = YES;
				CLANG_WARN_EMPTY_BODY = YES;
				CLANG_WARN_ENUM_CONVERSION = YES;
				CLANG_WARN_INFINITE_RECURSION = YES;
				CLANG_WARN_INT_CONVERSION = YES;
				CLANG_WARN_NON_LITERAL_NULL_CONVERSION = YES;
				CLANG_WARN_OBJC_IMPLICIT_RETAIN_SELF = YES;
				CLANG_WARN_OBJC_LITERAL_CONVERSION = YES;
				CLANG_WARN_OBJC_ROOT_CLASS = YES_ERROR;
				CLANG_WARN_QUOTED_INCLUDE_IN_FRAMEWORK_HEADER = YES;
				CLANG_WARN_RANGE_LOOP_ANALYSIS = YES;
				CLANG_WARN_STRICT_PROTOTYPES = YES;
				CLANG_WARN_SUSPICIOUS_MOVE = YES;
				CLANG_WARN_UNGUARDED_AVAILABILITY = YES_AGGRESSIVE;
				CLANG_WARN_UNREACHABLE_CODE = YES;
				CLANG_WARN__DUPLICATE_METHOD_MATCH = YES;
				COPY_PHASE_STRIP = NO;
				DEAD_CODE_STRIPPING = YES;
				DEBUG_INFORMATION_FORMAT = "dwarf-with-dsym";
				DEVELOPMENT_TEAM = 3NG65ZLYW7;
				ENABLE_NS_ASSERTIONS = NO;
				ENABLE_STRICT_OBJC_MSGSEND = YES;
				ENABLE_USER_SCRIPT_SANDBOXING = YES;
				GCC_C_LANGUAGE_STANDARD = gnu17;
				GCC_NO_COMMON_BLOCKS = YES;
				GCC_WARN_64_TO_32_BIT_CONVERSION = YES;
				GCC_WARN_ABOUT_RETURN_TYPE = YES_ERROR;
				GCC_WARN_UNDECLARED_SELECTOR = YES;
				GCC_WARN_UNINITIALIZED_AUTOS = YES_AGGRESSIVE;
				GCC_WARN_UNUSED_FUNCTION = YES;
				GCC_WARN_UNUSED_VARIABLE = YES;
				LOCALIZATION_PREFERS_STRING_CATALOGS = YES;
				MACOSX_DEPLOYMENT_TARGET = 15.5;
				MTL_ENABLE_DEBUG_INFO = NO;
				MTL_FAST_MATH = YES;
				SDKROOT = macosx;
				STRING_CATALOG_GENERATE_SYMBOLS = YES;
				SWIFT_COMPILATION_MODE = wholemodule;
			};
			name = Release;
		};
		509C8DEE2E38F99F004BE11C /* Debug */ = {
			isa = XCBuildConfiguration;
			buildSettings = {
				ASSETCATALOG_COMPILER_APPICON_NAME = AppIcon;
				ASSETCATALOG_COMPILER_GLOBAL_ACCENT_COLOR_NAME = AccentColor;
				CODE_SIGN_ENTITLEMENTS = RetroVisor/RetroVisor.entitlements;
				CODE_SIGN_STYLE = Automatic;
				COMBINE_HIDPI_IMAGES = YES;
				CURRENT_PROJECT_VERSION = 250916.5;
				DEAD_CODE_STRIPPING = YES;
				DEVELOPMENT_TEAM = 3NG65ZLYW7;
				ENABLE_APP_SANDBOX = YES;
				ENABLE_HARDENED_RUNTIME = YES;
				ENABLE_RESOURCE_ACCESS_CAMERA = YES;
				ENABLE_USER_SELECTED_FILES = readwrite;
				GENERATE_INFOPLIST_FILE = YES;
				INFOPLIST_KEY_NSHumanReadableCopyright = "";
				INFOPLIST_KEY_NSMainStoryboardFile = Main;
				INFOPLIST_KEY_NSPrincipalClass = NSApplication;
				LD_RUNPATH_SEARCH_PATHS = (
					"$(inherited)",
					"@executable_path/../Frameworks",
				);
				MACOSX_DEPLOYMENT_TARGET = 13.5;
				MARKETING_VERSION = 1.0b4;
				PRODUCT_BUNDLE_IDENTIFIER = de.dirkwhoffmann.de.RetroVisor;
				PRODUCT_NAME = "$(TARGET_NAME)";
				REGISTER_APP_GROUPS = YES;
				SWIFT_EMIT_LOC_STRINGS = YES;
				SWIFT_STRICT_CONCURRENCY = complete;
				SWIFT_VERSION = 6.0;
			};
			name = Debug;
		};
		509C8DEF2E38F99F004BE11C /* Release */ = {
			isa = XCBuildConfiguration;
			buildSettings = {
				ASSETCATALOG_COMPILER_APPICON_NAME = AppIcon;
				ASSETCATALOG_COMPILER_GLOBAL_ACCENT_COLOR_NAME = AccentColor;
				CODE_SIGN_ENTITLEMENTS = RetroVisor/RetroVisor.entitlements;
				CODE_SIGN_STYLE = Automatic;
				COMBINE_HIDPI_IMAGES = YES;
				CURRENT_PROJECT_VERSION = 250916.5;
				DEAD_CODE_STRIPPING = YES;
				DEVELOPMENT_TEAM = 3NG65ZLYW7;
				ENABLE_APP_SANDBOX = YES;
				ENABLE_HARDENED_RUNTIME = YES;
				ENABLE_RESOURCE_ACCESS_CAMERA = YES;
				ENABLE_USER_SELECTED_FILES = readwrite;
				GENERATE_INFOPLIST_FILE = YES;
				INFOPLIST_KEY_NSHumanReadableCopyright = "";
				INFOPLIST_KEY_NSMainStoryboardFile = Main;
				INFOPLIST_KEY_NSPrincipalClass = NSApplication;
				LD_RUNPATH_SEARCH_PATHS = (
					"$(inherited)",
					"@executable_path/../Frameworks",
				);
				MACOSX_DEPLOYMENT_TARGET = 13.5;
				MARKETING_VERSION = 1.0b4;
				PRODUCT_BUNDLE_IDENTIFIER = de.dirkwhoffmann.de.RetroVisor;
				PRODUCT_NAME = "$(TARGET_NAME)";
				REGISTER_APP_GROUPS = YES;
				SWIFT_EMIT_LOC_STRINGS = YES;
				SWIFT_STRICT_CONCURRENCY = complete;
				SWIFT_VERSION = 6.0;
			};
			name = Release;
		};
/* End XCBuildConfiguration section */

/* Begin XCConfigurationList section */
		509C8DD92E38F99E004BE11C /* Build configuration list for PBXProject "RetroVisor" */ = {
			isa = XCConfigurationList;
			buildConfigurations = (
				509C8DEB2E38F99F004BE11C /* Debug */,
				509C8DEC2E38F99F004BE11C /* Release */,
			);
			defaultConfigurationIsVisible = 0;
			defaultConfigurationName = Release;
		};
		509C8DED2E38F99F004BE11C /* Build configuration list for PBXNativeTarget "RetroVisor" */ = {
			isa = XCConfigurationList;
			buildConfigurations = (
				509C8DEE2E38F99F004BE11C /* Debug */,
				509C8DEF2E38F99F004BE11C /* Release */,
			);
			defaultConfigurationIsVisible = 0;
			defaultConfigurationName = Release;
		};
/* End XCConfigurationList section */
	};
	rootObject = 509C8DD62E38F99E004BE11C /* Project object */;
}
